// !$*UTF8*$!
{
	archiveVersion = 1;
	classes = {
	};
	objectVersion = 50;
	objects = {

/* Begin PBXBuildFile section */
		750C915324DFD86D0003BBE6 /* AppDelegate.swift in Sources */ = {isa = PBXBuildFile; fileRef = 750C915224DFD86D0003BBE6 /* AppDelegate.swift */; };
		750C915524DFD86D0003BBE6 /* SceneDelegate.swift in Sources */ = {isa = PBXBuildFile; fileRef = 750C915424DFD86D0003BBE6 /* SceneDelegate.swift */; };
		750C915A24DFD86D0003BBE6 /* Main.storyboard in Resources */ = {isa = PBXBuildFile; fileRef = 750C915824DFD86D0003BBE6 /* Main.storyboard */; };
		750C915D24DFD86D0003BBE6 /* List_CoreData.xcdatamodeld in Sources */ = {isa = PBXBuildFile; fileRef = 750C915B24DFD86D0003BBE6 /* List_CoreData.xcdatamodeld */; };
		750C915F24DFD86F0003BBE6 /* Assets.xcassets in Resources */ = {isa = PBXBuildFile; fileRef = 750C915E24DFD86F0003BBE6 /* Assets.xcassets */; };
		750C916224DFD86F0003BBE6 /* LaunchScreen.storyboard in Resources */ = {isa = PBXBuildFile; fileRef = 750C916024DFD86F0003BBE6 /* LaunchScreen.storyboard */; };
		750C916A24DFD9570003BBE6 /* TableViewController.swift in Sources */ = {isa = PBXBuildFile; fileRef = 750C916924DFD9570003BBE6 /* TableViewController.swift */; };
/* End PBXBuildFile section */

/* Begin PBXFileReference section */
		750C914F24DFD86D0003BBE6 /* List CoreData.app */ = {isa = PBXFileReference; explicitFileType = wrapper.application; includeInIndex = 0; path = "List CoreData.app"; sourceTree = BUILT_PRODUCTS_DIR; };
		750C915224DFD86D0003BBE6 /* AppDelegate.swift */ = {isa = PBXFileReference; lastKnownFileType = sourcecode.swift; path = AppDelegate.swift; sourceTree = "<group>"; };
		750C915424DFD86D0003BBE6 /* SceneDelegate.swift */ = {isa = PBXFileReference; lastKnownFileType = sourcecode.swift; path = SceneDelegate.swift; sourceTree = "<group>"; };
		750C915924DFD86D0003BBE6 /* Base */ = {isa = PBXFileReference; lastKnownFileType = file.storyboard; name = Base; path = Base.lproj/Main.storyboard; sourceTree = "<group>"; };
		750C915C24DFD86D0003BBE6 /* List_CoreData.xcdatamodel */ = {isa = PBXFileReference; lastKnownFileType = wrapper.xcdatamodel; path = List_CoreData.xcdatamodel; sourceTree = "<group>"; };
		750C915E24DFD86F0003BBE6 /* Assets.xcassets */ = {isa = PBXFileReference; lastKnownFileType = folder.assetcatalog; path = Assets.xcassets; sourceTree = "<group>"; };
		750C916124DFD86F0003BBE6 /* Base */ = {isa = PBXFileReference; lastKnownFileType = file.storyboard; name = Base; path = Base.lproj/LaunchScreen.storyboard; sourceTree = "<group>"; };
		750C916324DFD86F0003BBE6 /* Info.plist */ = {isa = PBXFileReference; lastKnownFileType = text.plist.xml; path = Info.plist; sourceTree = "<group>"; };
		750C916924DFD9570003BBE6 /* TableViewController.swift */ = {isa = PBXFileReference; lastKnownFileType = sourcecode.swift; path = TableViewController.swift; sourceTree = "<group>"; };
/* End PBXFileReference section */

/* Begin PBXFrameworksBuildPhase section */
		750C914C24DFD86D0003BBE6 /* Frameworks */ = {
			isa = PBXFrameworksBuildPhase;
			buildActionMask = 2147483647;
			files = (
			);
			runOnlyForDeploymentPostprocessing = 0;
		};
/* End PBXFrameworksBuildPhase section */

/* Begin PBXGroup section */
		750C914624DFD86D0003BBE6 = {
			isa = PBXGroup;
			children = (
				750C915124DFD86D0003BBE6 /* List CoreData */,
				750C915024DFD86D0003BBE6 /* Products */,
			);
			sourceTree = "<group>";
		};
		750C915024DFD86D0003BBE6 /* Products */ = {
			isa = PBXGroup;
			children = (
				750C914F24DFD86D0003BBE6 /* List CoreData.app */,
			);
			name = Products;
			sourceTree = "<group>";
		};
		750C915124DFD86D0003BBE6 /* List CoreData */ = {
			isa = PBXGroup;
			children = (
				750C915224DFD86D0003BBE6 /* AppDelegate.swift */,
				750C915424DFD86D0003BBE6 /* SceneDelegate.swift */,
				750C915824DFD86D0003BBE6 /* Main.storyboard */,
				750C916924DFD9570003BBE6 /* TableViewController.swift */,
				750C915E24DFD86F0003BBE6 /* Assets.xcassets */,
				750C916024DFD86F0003BBE6 /* LaunchScreen.storyboard */,
				750C916324DFD86F0003BBE6 /* Info.plist */,
				750C915B24DFD86D0003BBE6 /* List_CoreData.xcdatamodeld */,
			);
			path = "List CoreData";
			sourceTree = "<group>";
		};
/* End PBXGroup section */

/* Begin PBXNativeTarget section */
		750C914E24DFD86D0003BBE6 /* List CoreData */ = {
			isa = PBXNativeTarget;
			buildConfigurationList = 750C916624DFD86F0003BBE6 /* Build configuration list for PBXNativeTarget "List CoreData" */;
			buildPhases = (
				750C914B24DFD86D0003BBE6 /* Sources */,
				750C914C24DFD86D0003BBE6 /* Frameworks */,
				750C914D24DFD86D0003BBE6 /* Resources */,
			);
			buildRules = (
			);
			dependencies = (
			);
			name = "List CoreData";
			productName = "List CoreData";
			productReference = 750C914F24DFD86D0003BBE6 /* List CoreData.app */;
			productType = "com.apple.product-type.application";
		};
/* End PBXNativeTarget section */

/* Begin PBXProject section */
		750C914724DFD86D0003BBE6 /* Project object */ = {
			isa = PBXProject;
			attributes = {
				LastSwiftUpdateCheck = 1160;
				LastUpgradeCheck = 1160;
				ORGANIZATIONNAME = "Андрей Дютин";
				TargetAttributes = {
					750C914E24DFD86D0003BBE6 = {
						CreatedOnToolsVersion = 11.6;
					};
				};
			};
			buildConfigurationList = 750C914A24DFD86D0003BBE6 /* Build configuration list for PBXProject "List CoreData" */;
			compatibilityVersion = "Xcode 9.3";
			developmentRegion = en;
			hasScannedForEncodings = 0;
			knownRegions = (
				en,
				Base,
			);
			mainGroup = 750C914624DFD86D0003BBE6;
			productRefGroup = 750C915024DFD86D0003BBE6 /* Products */;
			projectDirPath = "";
			projectRoot = "";
			targets = (
				750C914E24DFD86D0003BBE6 /* List CoreData */,
			);
		};
/* End PBXProject section */

/* Begin PBXResourcesBuildPhase section */
		750C914D24DFD86D0003BBE6 /* Resources */ = {
			isa = PBXResourcesBuildPhase;
			buildActionMask = 2147483647;
			files = (
				750C916224DFD86F0003BBE6 /* LaunchScreen.storyboard in Resources */,
				750C915F24DFD86F0003BBE6 /* Assets.xcassets in Resources */,
				750C915A24DFD86D0003BBE6 /* Main.storyboard in Resources */,
			);
			runOnlyForDeploymentPostprocessing = 0;
		};
/* End PBXResourcesBuildPhase section */

/* Begin PBXSourcesBuildPhase section */
		750C914B24DFD86D0003BBE6 /* Sources */ = {
			isa = PBXSourcesBuildPhase;
			buildActionMask = 2147483647;
			files = (
				750C915D24DFD86D0003BBE6 /* List_CoreData.xcdatamodeld in Sources */,
				750C915324DFD86D0003BBE6 /* AppDelegate.swift in Sources */,
				750C915524DFD86D0003BBE6 /* SceneDelegate.swift in Sources */,
				750C916A24DFD9570003BBE6 /* TableViewController.swift in Sources */,
			);
			runOnlyForDeploymentPostprocessing = 0;
		};
/* End PBXSourcesBuildPhase section */

/* Begin PBXVariantGroup section */
		750C915824DFD86D0003BBE6 /* Main.storyboard */ = {
			isa = PBXVariantGroup;
			children = (
				750C915924DFD86D0003BBE6 /* Base */,
			);
			name = Main.storyboard;
			sourceTree = "<group>";
		};
		750C916024DFD86F0003BBE6 /* LaunchScreen.storyboard */ = {
			isa = PBXVariantGroup;
			children = (
				750C916124DFD86F0003BBE6 /* Base */,
			);
			name = LaunchScreen.storyboard;
			sourceTree = "<group>";
		};
/* End PBXVariantGroup section */

/* Begin XCBuildConfiguration section */
		750C916424DFD86F0003BBE6 /* Debug */ = {
			isa = XCBuildConfiguration;
			buildSettings = {
				ALWAYS_SEARCH_USER_PATHS = NO;
				CLANG_ANALYZER_NONNULL = YES;
				CLANG_ANALYZER_NUMBER_OBJECT_CONVERSION = YES_AGGRESSIVE;
				CLANG_CXX_LANGUAGE_STANDARD = "gnu++14";
				CLANG_CXX_LIBRARY = "libc++";
				CLANG_ENABLE_MODULES = YES;
				CLANG_ENABLE_OBJC_ARC = YES;
				CLANG_ENABLE_OBJC_WEAK = YES;
				CLANG_WARN_BLOCK_CAPTURE_AUTORELEASING = YES;
				CLANG_WARN_BOOL_CONVERSION = YES;
				CLANG_WARN_COMMA = YES;
				CLANG_WARN_CONSTANT_CONVERSION = YES;
				CLANG_WARN_DEPRECATED_OBJC_IMPLEMENTATIONS = YES;
				CLANG_WARN_DIRECT_OBJC_ISA_USAGE = YES_ERROR;
				CLANG_WARN_DOCUMENTATION_COMMENTS = YES;
				CLANG_WARN_EMPTY_BODY = YES;
				CLANG_WARN_ENUM_CONVERSION = YES;
				CLANG_WARN_INFINITE_RECURSION = YES;
				CLANG_WARN_INT_CONVERSION = YES;
				CLANG_WARN_NON_LITERAL_NULL_CONVERSION = YES;
				CLANG_WARN_OBJC_IMPLICIT_RETAIN_SELF = YES;
				CLANG_WARN_OBJC_LITERAL_CONVERSION = YES;
				CLANG_WARN_OBJC_ROOT_CLASS = YES_ERROR;
				CLANG_WARN_RANGE_LOOP_ANALYSIS = YES;
				CLANG_WARN_STRICT_PROTOTYPES = YES;
				CLANG_WARN_SUSPICIOUS_MOVE = YES;
				CLANG_WARN_UNGUARDED_AVAILABILITY = YES_AGGRESSIVE;
				CLANG_WARN_UNREACHABLE_CODE = YES;
				CLANG_WARN__DUPLICATE_METHOD_MATCH = YES;
				COPY_PHASE_STRIP = NO;
				DEBUG_INFORMATION_FORMAT = dwarf;
				ENABLE_STRICT_OBJC_MSGSEND = YES;
				ENABLE_TESTABILITY = YES;
				GCC_C_LANGUAGE_STANDARD = gnu11;
				GCC_DYNAMIC_NO_PIC = NO;
				GCC_NO_COMMON_BLOCKS = YES;
				GCC_OPTIMIZATION_LEVEL = 0;
				GCC_PREPROCESSOR_DEFINITIONS = (
					"DEBUG=1",
					"$(inherited)",
				);
				GCC_WARN_64_TO_32_BIT_CONVERSION = YES;
				GCC_WARN_ABOUT_RETURN_TYPE = YES_ERROR;
				GCC_WARN_UNDECLARED_SELECTOR = YES;
				GCC_WARN_UNINITIALIZED_AUTOS = YES_AGGRESSIVE;
				GCC_WARN_UNUSED_FUNCTION = YES;
				GCC_WARN_UNUSED_VARIABLE = YES;
				IPHONEOS_DEPLOYMENT_TARGET = 13.6;
				MTL_ENABLE_DEBUG_INFO = INCLUDE_SOURCE;
				MTL_FAST_MATH = YES;
				ONLY_ACTIVE_ARCH = YES;
				SDKROOT = iphoneos;
				SWIFT_ACTIVE_COMPILATION_CONDITIONS = DEBUG;
				SWIFT_OPTIMIZATION_LEVEL = "-Onone";
			};
			name = Debug;
		};
		750C916524DFD86F0003BBE6 /* Release */ = {
			isa = XCBuildConfiguration;
			buildSettings = {
				ALWAYS_SEARCH_USER_PATHS = NO;
				CLANG_ANALYZER_NONNULL = YES;
				CLANG_ANALYZER_NUMBER_OBJECT_CONVERSION = YES_AGGRESSIVE;
				CLANG_CXX_LANGUAGE_STANDARD = "gnu++14";
				CLANG_CXX_LIBRARY = "libc++";
				CLANG_ENABLE_MODULES = YES;
				CLANG_ENABLE_OBJC_ARC = YES;
				CLANG_ENABLE_OBJC_WEAK = YES;
				CLANG_WARN_BLOCK_CAPTURE_AUTORELEASING = YES;
				CLANG_WARN_BOOL_CONVERSION = YES;
				CLANG_WARN_COMMA = YES;
				CLANG_WARN_CONSTANT_CONVERSION = YES;
				CLANG_WARN_DEPRECATED_OBJC_IMPLEMENTATIONS = YES;
				CLANG_WARN_DIRECT_OBJC_ISA_USAGE = YES_ERROR;
				CLANG_WARN_DOCUMENTATION_COMMENTS = YES;
				CLANG_WARN_EMPTY_BODY = YES;
				CLANG_WARN_ENUM_CONVERSION = YES;
				CLANG_WARN_INFINITE_RECURSION = YES;
				CLANG_WARN_INT_CONVERSION = YES;
				CLANG_WARN_NON_LITERAL_NULL_CONVERSION = YES;
				CLANG_WARN_OBJC_IMPLICIT_RETAIN_SELF = YES;
				CLANG_WARN_OBJC_LITERAL_CONVERSION = YES;
				CLANG_WARN_OBJC_ROOT_CLASS = YES_ERROR;
				CLANG_WARN_RANGE_LOOP_ANALYSIS = YES;
				CLANG_WARN_STRICT_PROTOTYPES = YES;
				CLANG_WARN_SUSPICIOUS_MOVE = YES;
				CLANG_WARN_UNGUARDED_AVAILABILITY = YES_AGGRESSIVE;
				CLANG_WARN_UNREACHABLE_CODE = YES;
				CLANG_WARN__DUPLICATE_METHOD_MATCH = YES;
				COPY_PHASE_STRIP = NO;
				DEBUG_INFORMATION_FORMAT = "dwarf-with-dsym";
				ENABLE_NS_ASSERTIONS = NO;
				ENABLE_STRICT_OBJC_MSGSEND = YES;
				GCC_C_LANGUAGE_STANDARD = gnu11;
				GCC_NO_COMMON_BLOCKS = YES;
				GCC_WARN_64_TO_32_BIT_CONVERSION = YES;
				GCC_WARN_ABOUT_RETURN_TYPE = YES_ERROR;
				GCC_WARN_UNDECLARED_SELECTOR = YES;
				GCC_WARN_UNINITIALIZED_AUTOS = YES_AGGRESSIVE;
				GCC_WARN_UNUSED_FUNCTION = YES;
				GCC_WARN_UNUSED_VARIABLE = YES;
				IPHONEOS_DEPLOYMENT_TARGET = 13.6;
				MTL_ENABLE_DEBUG_INFO = NO;
				MTL_FAST_MATH = YES;
				SDKROOT = iphoneos;
				SWIFT_COMPILATION_MODE = wholemodule;
				SWIFT_OPTIMIZATION_LEVEL = "-O";
				VALIDATE_PRODUCT = YES;
			};
			name = Release;
		};
		750C916724DFD86F0003BBE6 /* Debug */ = {
			isa = XCBuildConfiguration;
			buildSettings = {
				ASSETCATALOG_COMPILER_APPICON_NAME = AppIcon;
				CODE_SIGN_STYLE = Automatic;
				DEVELOPMENT_TEAM = 76VPUCSNWU;
				INFOPLIST_FILE = "List CoreData/Info.plist";
				LD_RUNPATH_SEARCH_PATHS = (
					"$(inherited)",
					"@executable_path/Frameworks",
				);
				PRODUCT_BUNDLE_IDENTIFIER = "Andrei-Dyutin.List-CoreData";
				PRODUCT_NAME = "$(TARGET_NAME)";
				SWIFT_VERSION = 5.0;
				TARGETED_DEVICE_FAMILY = "1,2";
			};
			name = Debug;
		};
		750C916824DFD86F0003BBE6 /* Release */ = {
			isa = XCBuildConfiguration;
			buildSettings = {
				ASSETCATALOG_COMPILER_APPICON_NAME = AppIcon;
				CODE_SIGN_STYLE = Automatic;
				DEVELOPMENT_TEAM = 76VPUCSNWU;
				INFOPLIST_FILE = "List CoreData/Info.plist";
				LD_RUNPATH_SEARCH_PATHS = (
					"$(inherited)",
					"@executable_path/Frameworks",
				);
				PRODUCT_BUNDLE_IDENTIFIER = "Andrei-Dyutin.List-CoreData";
				PRODUCT_NAME = "$(TARGET_NAME)";
				SWIFT_VERSION = 5.0;
				TARGETED_DEVICE_FAMILY = "1,2";
			};
			name = Release;
		};
/* End XCBuildConfiguration section */

/* Begin XCConfigurationList section */
		750C914A24DFD86D0003BBE6 /* Build configuration list for PBXProject "List CoreData" */ = {
			isa = XCConfigurationList;
			buildConfigurations = (
				750C916424DFD86F0003BBE6 /* Debug */,
				750C916524DFD86F0003BBE6 /* Release */,
			);
			defaultConfigurationIsVisible = 0;
			defaultConfigurationName = Release;
		};
		750C916624DFD86F0003BBE6 /* Build configuration list for PBXNativeTarget "List CoreData" */ = {
			isa = XCConfigurationList;
			buildConfigurations = (
				750C916724DFD86F0003BBE6 /* Debug */,
				750C916824DFD86F0003BBE6 /* Release */,
			);
			defaultConfigurationIsVisible = 0;
			defaultConfigurationName = Release;
		};
/* End XCConfigurationList section */

/* Begin XCVersionGroup section */
		750C915B24DFD86D0003BBE6 /* List_CoreData.xcdatamodeld */ = {
			isa = XCVersionGroup;
			children = (
				750C915C24DFD86D0003BBE6 /* List_CoreData.xcdatamodel */,
			);
			currentVersion = 750C915C24DFD86D0003BBE6 /* List_CoreData.xcdatamodel */;
			path = List_CoreData.xcdatamodeld;
			sourceTree = "<group>";
			versionGroupType = wrapper.xcdatamodel;
		};
/* End XCVersionGroup section */
	};
	rootObject = 750C914724DFD86D0003BBE6 /* Project object */;
}
